
Microsoft Visual Studio Solution File, Format Version 12.00
# Visual Studio Version 16
VisualStudioVersion = 16.0.29609.76
MinimumVisualStudioVersion = 10.0.40219.1
Project("{FAE04EC0-301F-11D3-BF4B-00C04F79EFBC}") = "Lab9.a", "Lab9.a\Lab9.a.csproj", "{3FB99BB7-E386-4982-AF82-57435E228AAD}"
EndProject
Global
	GlobalSection(SolutionConfigurationPlatforms) = preSolution
		Debug|Any CPU = Debug|Any CPU
		Release|Any CPU = Release|Any CPU
	EndGlobalSection
	GlobalSection(ProjectConfigurationPlatforms) = postSolution
		{3FB99BB7-E386-4982-AF82-57435E228AAD}.Debug|Any CPU.ActiveCfg = Debug|Any CPU
		{3FB99BB7-E386-4982-AF82-57435E228AAD}.Debug|Any CPU.Build.0 = Debug|Any CPU
		{3FB99BB7-E386-4982-AF82-57435E228AAD}.Release|Any CPU.ActiveCfg = Release|Any CPU
		{3FB99BB7-E386-4982-AF82-57435E228AAD}.Release|Any CPU.Build.0 = Release|Any CPU
	EndGlobalSection
	GlobalSection(SolutionProperties) = preSolution
		HideSolutionNode = FALSE
	EndGlobalSection
	GlobalSection(ExtensibilityGlobals) = postSolution
		SolutionGuid = {59F3BBE9-8B0F-4D59-AC6C-7B1204A2271C}
	EndGlobalSection
EndGlobal
