
Microsoft Visual Studio Solution File, Format Version 12.00
# Visual Studio Version 16
VisualStudioVersion = 16.0.29609.76
MinimumVisualStudioVersion = 10.0.40219.1
Project("{FAE04EC0-301F-11D3-BF4B-00C04F79EFBC}") = "Lab9.4", "Lab9.4\Lab9.4.csproj", "{3D71E551-7B0F-453E-A0A4-62BAA3B2C06D}"
EndProject
Global
	GlobalSection(SolutionConfigurationPlatforms) = preSolution
		Debug|Any CPU = Debug|Any CPU
		Release|Any CPU = Release|Any CPU
	EndGlobalSection
	GlobalSection(ProjectConfigurationPlatforms) = postSolution
		{3D71E551-7B0F-453E-A0A4-62BAA3B2C06D}.Debug|Any CPU.ActiveCfg = Debug|Any CPU
		{3D71E551-7B0F-453E-A0A4-62BAA3B2C06D}.Debug|Any CPU.Build.0 = Debug|Any CPU
		{3D71E551-7B0F-453E-A0A4-62BAA3B2C06D}.Release|Any CPU.ActiveCfg = Release|Any CPU
		{3D71E551-7B0F-453E-A0A4-62BAA3B2C06D}.Release|Any CPU.Build.0 = Release|Any CPU
	EndGlobalSection
	GlobalSection(SolutionProperties) = preSolution
		HideSolutionNode = FALSE
	EndGlobalSection
	GlobalSection(ExtensibilityGlobals) = postSolution
		SolutionGuid = {06D2943E-B3A0-4962-8835-B8608D59FC0A}
	EndGlobalSection
EndGlobal
