
Microsoft Visual Studio Solution File, Format Version 12.00
# Visual Studio Version 16
VisualStudioVersion = 16.0.29609.76
MinimumVisualStudioVersion = 10.0.40219.1
Project("{FAE04EC0-301F-11D3-BF4B-00C04F79EFBC}") = "Lab9.1a", "Lab9.1a\Lab9.1a.csproj", "{EE0BDF01-3471-4AA5-B214-BA58FDB4CC93}"
EndProject
Global
	GlobalSection(SolutionConfigurationPlatforms) = preSolution
		Debug|Any CPU = Debug|Any CPU
		Release|Any CPU = Release|Any CPU
	EndGlobalSection
	GlobalSection(ProjectConfigurationPlatforms) = postSolution
		{EE0BDF01-3471-4AA5-B214-BA58FDB4CC93}.Debug|Any CPU.ActiveCfg = Debug|Any CPU
		{EE0BDF01-3471-4AA5-B214-BA58FDB4CC93}.Debug|Any CPU.Build.0 = Debug|Any CPU
		{EE0BDF01-3471-4AA5-B214-BA58FDB4CC93}.Release|Any CPU.ActiveCfg = Release|Any CPU
		{EE0BDF01-3471-4AA5-B214-BA58FDB4CC93}.Release|Any CPU.Build.0 = Release|Any CPU
	EndGlobalSection
	GlobalSection(SolutionProperties) = preSolution
		HideSolutionNode = FALSE
	EndGlobalSection
	GlobalSection(ExtensibilityGlobals) = postSolution
		SolutionGuid = {51FFFCE7-9C16-4390-8DCC-524E7C6D96D6}
	EndGlobalSection
EndGlobal
